
Microsoft Visual Studio Solution File, Format Version 12.00
# Visual Studio Version 16
VisualStudioVersion = 16.0.30406.217
MinimumVisualStudioVersion = 15.0.26124.0
Project("{9A19103F-16F7-4668-BE54-9A1E7A4F7556}") = "Capisso.Test", "test\Capisso.Test\Capisso.Test.csproj", "{2CE01E2F-1974-40DF-9F46-2AEB2C4B8583}"
EndProject
Project("{9A19103F-16F7-4668-BE54-9A1E7A4F7556}") = "Capisso", "src\Capisso\Capisso.csproj", "{6D1E9521-A76C-4E03-8C3F-8F12836A894A}"
EndProject
Global
	GlobalSection(SolutionConfigurationPlatforms) = preSolution
		Debug|Any CPU = Debug|Any CPU
		Debug|x64 = Debug|x64
		Debug|x86 = Debug|x86
		Release|Any CPU = Release|Any CPU
		Release|x64 = Release|x64
		Release|x86 = Release|x86
	EndGlobalSection
	GlobalSection(ProjectConfigurationPlatforms) = postSolution
		{2CE01E2F-1974-40DF-9F46-2AEB2C4B8583}.Debug|Any CPU.ActiveCfg = Debug|Any CPU
		{2CE01E2F-1974-40DF-9F46-2AEB2C4B8583}.Debug|Any CPU.Build.0 = Debug|Any CPU
		{2CE01E2F-1974-40DF-9F46-2AEB2C4B8583}.Debug|x64.ActiveCfg = Debug|Any CPU
		{2CE01E2F-1974-40DF-9F46-2AEB2C4B8583}.Debug|x64.Build.0 = Debug|Any CPU
		{2CE01E2F-1974-40DF-9F46-2AEB2C4B8583}.Debug|x86.ActiveCfg = Debug|Any CPU
		{2CE01E2F-1974-40DF-9F46-2AEB2C4B8583}.Debug|x86.Build.0 = Debug|Any CPU
		{2CE01E2F-1974-40DF-9F46-2AEB2C4B8583}.Release|Any CPU.ActiveCfg = Release|Any CPU
		{2CE01E2F-1974-40DF-9F46-2AEB2C4B8583}.Release|Any CPU.Build.0 = Release|Any CPU
		{2CE01E2F-1974-40DF-9F46-2AEB2C4B8583}.Release|x64.ActiveCfg = Release|Any CPU
		{2CE01E2F-1974-40DF-9F46-2AEB2C4B8583}.Release|x64.Build.0 = Release|Any CPU
		{2CE01E2F-1974-40DF-9F46-2AEB2C4B8583}.Release|x86.ActiveCfg = Release|Any CPU
		{2CE01E2F-1974-40DF-9F46-2AEB2C4B8583}.Release|x86.Build.0 = Release|Any CPU
		{6D1E9521-A76C-4E03-8C3F-8F12836A894A}.Debug|Any CPU.ActiveCfg = Debug|Any CPU
		{6D1E9521-A76C-4E03-8C3F-8F12836A894A}.Debug|Any CPU.Build.0 = Debug|Any CPU
		{6D1E9521-A76C-4E03-8C3F-8F12836A894A}.Debug|x64.ActiveCfg = Debug|Any CPU
		{6D1E9521-A76C-4E03-8C3F-8F12836A894A}.Debug|x64.Build.0 = Debug|Any CPU
		{6D1E9521-A76C-4E03-8C3F-8F12836A894A}.Debug|x86.ActiveCfg = Debug|Any CPU
		{6D1E9521-A76C-4E03-8C3F-8F12836A894A}.Debug|x86.Build.0 = Debug|Any CPU
		{6D1E9521-A76C-4E03-8C3F-8F12836A894A}.Release|Any CPU.ActiveCfg = Release|Any CPU
		{6D1E9521-A76C-4E03-8C3F-8F12836A894A}.Release|Any CPU.Build.0 = Release|Any CPU
		{6D1E9521-A76C-4E03-8C3F-8F12836A894A}.Release|x64.ActiveCfg = Release|Any CPU
		{6D1E9521-A76C-4E03-8C3F-8F12836A894A}.Release|x64.Build.0 = Release|Any CPU
		{6D1E9521-A76C-4E03-8C3F-8F12836A894A}.Release|x86.ActiveCfg = Release|Any CPU
		{6D1E9521-A76C-4E03-8C3F-8F12836A894A}.Release|x86.Build.0 = Release|Any CPU
	EndGlobalSection
	GlobalSection(SolutionProperties) = preSolution
		HideSolutionNode = FALSE
	EndGlobalSection
	GlobalSection(ExtensibilityGlobals) = postSolution
		SolutionGuid = {F3856724-3928-49ED-B64D-6EDB1BA62DC7}
	EndGlobalSection
EndGlobal
